
Microsoft Visual Studio Solution File, Format Version 12.00
# Visual Studio Version 17
VisualStudioVersion = 17.2.32630.192
MinimumVisualStudioVersion = 10.0.40219.1
Project("{FAE04EC0-301F-11D3-BF4B-00C04F79EFBC}") = "контроль1", "контроль1\контроль1.csproj", "{2C7C3642-7485-4271-817C-8A287C4CD593}"
EndProject
Global
	GlobalSection(SolutionConfigurationPlatforms) = preSolution
		Debug|Any CPU = Debug|Any CPU
		Release|Any CPU = Release|Any CPU
	EndGlobalSection
	GlobalSection(ProjectConfigurationPlatforms) = postSolution
		{2C7C3642-7485-4271-817C-8A287C4CD593}.Debug|Any CPU.ActiveCfg = Debug|Any CPU
		{2C7C3642-7485-4271-817C-8A287C4CD593}.Debug|Any CPU.Build.0 = Debug|Any CPU
		{2C7C3642-7485-4271-817C-8A287C4CD593}.Release|Any CPU.ActiveCfg = Release|Any CPU
		{2C7C3642-7485-4271-817C-8A287C4CD593}.Release|Any CPU.Build.0 = Release|Any CPU
	EndGlobalSection
	GlobalSection(SolutionProperties) = preSolution
		HideSolutionNode = FALSE
	EndGlobalSection
	GlobalSection(ExtensibilityGlobals) = postSolution
		SolutionGuid = {DE74574E-C55D-4AA8-A214-E71667AA4817}
	EndGlobalSection
EndGlobal
